
Microsoft Visual Studio Solution File, Format Version 12.00
# Visual Studio Version 17
VisualStudioVersion = 17.13.35931.197 d17.13
MinimumVisualStudioVersion = 10.0.40219.1
Project("{FAE04EC0-301F-11D3-BF4B-00C04F79EFBC}") = "BookStoreCRM.Domain", "BookStoreCRM.Domain\BookStoreCRM.Domain.csproj", "{6522DF10-29CD-4F2E-93C7-9F3F821E1DB3}"
EndProject
Project("{FAE04EC0-301F-11D3-BF4B-00C04F79EFBC}") = "BookStoreCRM.DAL", "BookStoreCRM.DAL\BookStoreCRM.DAL.csproj", "{7799C9E9-36E4-4A8F-BE55-9D7ACB346256}"
EndProject
Project("{FAE04EC0-301F-11D3-BF4B-00C04F79EFBC}") = "BookStoreCRM.BLL", "BookStoreCRM.BLL\BookStoreCRM.BLL.csproj", "{37D50B53-81B6-4C88-8BE8-2C4BE2A92B63}"
EndProject
Project("{FAE04EC0-301F-11D3-BF4B-00C04F79EFBC}") = "BookStoreCRM.Web", "BookStoreCRM.Web\BookStoreCRM.Web.csproj", "{8D316CFA-3C96-4D5E-B7A7-79E57B9FA07A}"
EndProject
Global
	GlobalSection(SolutionConfigurationPlatforms) = preSolution
		Debug|Any CPU = Debug|Any CPU
		Release|Any CPU = Release|Any CPU
	EndGlobalSection
	GlobalSection(ProjectConfigurationPlatforms) = postSolution
		{6522DF10-29CD-4F2E-93C7-9F3F821E1DB3}.Debug|Any CPU.ActiveCfg = Debug|Any CPU
		{6522DF10-29CD-4F2E-93C7-9F3F821E1DB3}.Debug|Any CPU.Build.0 = Debug|Any CPU
		{6522DF10-29CD-4F2E-93C7-9F3F821E1DB3}.Release|Any CPU.ActiveCfg = Release|Any CPU
		{6522DF10-29CD-4F2E-93C7-9F3F821E1DB3}.Release|Any CPU.Build.0 = Release|Any CPU
		{7799C9E9-36E4-4A8F-BE55-9D7ACB346256}.Debug|Any CPU.ActiveCfg = Debug|Any CPU
		{7799C9E9-36E4-4A8F-BE55-9D7ACB346256}.Debug|Any CPU.Build.0 = Debug|Any CPU
		{7799C9E9-36E4-4A8F-BE55-9D7ACB346256}.Release|Any CPU.ActiveCfg = Release|Any CPU
		{7799C9E9-36E4-4A8F-BE55-9D7ACB346256}.Release|Any CPU.Build.0 = Release|Any CPU
		{37D50B53-81B6-4C88-8BE8-2C4BE2A92B63}.Debug|Any CPU.ActiveCfg = Debug|Any CPU
		{37D50B53-81B6-4C88-8BE8-2C4BE2A92B63}.Debug|Any CPU.Build.0 = Debug|Any CPU
		{37D50B53-81B6-4C88-8BE8-2C4BE2A92B63}.Release|Any CPU.ActiveCfg = Release|Any CPU
		{37D50B53-81B6-4C88-8BE8-2C4BE2A92B63}.Release|Any CPU.Build.0 = Release|Any CPU
		{8D316CFA-3C96-4D5E-B7A7-79E57B9FA07A}.Debug|Any CPU.ActiveCfg = Debug|Any CPU
		{8D316CFA-3C96-4D5E-B7A7-79E57B9FA07A}.Debug|Any CPU.Build.0 = Debug|Any CPU
		{8D316CFA-3C96-4D5E-B7A7-79E57B9FA07A}.Release|Any CPU.ActiveCfg = Release|Any CPU
		{8D316CFA-3C96-4D5E-B7A7-79E57B9FA07A}.Release|Any CPU.Build.0 = Release|Any CPU
	EndGlobalSection
	GlobalSection(SolutionProperties) = preSolution
		HideSolutionNode = FALSE
	EndGlobalSection
	GlobalSection(ExtensibilityGlobals) = postSolution
		SolutionGuid = {52862A71-90C0-4A26-8C7A-FE1A96187265}
	EndGlobalSection
EndGlobal
